
Microsoft Visual Studio Solution File, Format Version 12.00
# Visual Studio Version 18
VisualStudioVersion = 18.3.11520.95 d18.3
MinimumVisualStudioVersion = 10.0.40219.1
Project("{8BC9CEB8-8B4A-11D0-8D11-00A0C91BC942}") = "Spell_Labs", "Spell_Labs.vcxproj", "{BD705258-6170-EBDE-3738-43C48508AF98}"
EndProject
Global
	GlobalSection(SolutionConfigurationPlatforms) = preSolution
		Debug|x64 = Debug|x64
		Debug|x86 = Debug|x86
		Release|x64 = Release|x64
		Release|x86 = Release|x86
	EndGlobalSection
	GlobalSection(ProjectConfigurationPlatforms) = postSolution
		{BD705258-6170-EBDE-3738-43C48508AF98}.Debug|x64.ActiveCfg = Debug|x64
		{BD705258-6170-EBDE-3738-43C48508AF98}.Debug|x64.Build.0 = Debug|x64
		{BD705258-6170-EBDE-3738-43C48508AF98}.Debug|x86.ActiveCfg = Debug|Win32
		{BD705258-6170-EBDE-3738-43C48508AF98}.Debug|x86.Build.0 = Debug|Win32
		{BD705258-6170-EBDE-3738-43C48508AF98}.Release|x64.ActiveCfg = Release|x64
		{BD705258-6170-EBDE-3738-43C48508AF98}.Release|x64.Build.0 = Release|x64
		{BD705258-6170-EBDE-3738-43C48508AF98}.Release|x86.ActiveCfg = Release|Win32
		{BD705258-6170-EBDE-3738-43C48508AF98}.Release|x86.Build.0 = Release|Win32
	EndGlobalSection
	GlobalSection(SolutionProperties) = preSolution
		HideSolutionNode = FALSE
	EndGlobalSection
	GlobalSection(ExtensibilityGlobals) = postSolution
		SolutionGuid = {065CC1B4-9A43-4424-B1E7-363FED454719}
	EndGlobalSection
EndGlobal
